// !$*UTF8*$!
{
	archiveVersion = 1;
	classes = {
	};
	objectVersion = 55;
	objects = {

/* Begin PBXBuildFile section */
		B912FCEC28AA7395006401EE /* MapsMapsApp.swift in Sources */ = {isa = PBXBuildFile; fileRef = B912FCEB28AA7395006401EE /* MapsMapsApp.swift */; };
		B912FCEE28AA7395006401EE /* ContentView.swift in Sources */ = {isa = PBXBuildFile; fileRef = B912FCED28AA7395006401EE /* ContentView.swift */; };
		B912FCF028AA7396006401EE /* Assets.xcassets in Resources */ = {isa = PBXBuildFile; fileRef = B912FCEF28AA7396006401EE /* Assets.xcassets */; };
		B912FCF328AA7396006401EE /* Preview Assets.xcassets in Resources */ = {isa = PBXBuildFile; fileRef = B912FCF228AA7396006401EE /* Preview Assets.xcassets */; };
		B912FD0A28AA7676006401EE /* MKCoordinateRegion+Extensions.swift in Sources */ = {isa = PBXBuildFile; fileRef = B912FD0928AA7676006401EE /* MKCoordinateRegion+Extensions.swift */; };
		B912FD0C28AA767F006401EE /* LocationManager.swift in Sources */ = {isa = PBXBuildFile; fileRef = B912FD0B28AA767F006401EE /* LocationManager.swift */; };
		B912FD0E28AA7688006401EE /* Landmark.swift in Sources */ = {isa = PBXBuildFile; fileRef = B912FD0D28AA7688006401EE /* Landmark.swift */; };
		B912FD1028AA7693006401EE /* LocalSearchService.swift in Sources */ = {isa = PBXBuildFile; fileRef = B912FD0F28AA7693006401EE /* LocalSearchService.swift */; };
		B912FD1228AA769B006401EE /* LandmarkListView.swift in Sources */ = {isa = PBXBuildFile; fileRef = B912FD1128AA769B006401EE /* LandmarkListView.swift */; };
		B99A8BF828C23A75008C7FF1 /* MapView.swift in Sources */ = {isa = PBXBuildFile; fileRef = B99A8BF728C23A75008C7FF1 /* MapView.swift */; };
		B99A8BFA28C23CB9008C7FF1 /* spots.json in Resources */ = {isa = PBXBuildFile; fileRef = B99A8BF928C23CB9008C7FF1 /* spots.json */; };
		B99A8BFC28C24C11008C7FF1 /* SampleSecondView.swift in Sources */ = {isa = PBXBuildFile; fileRef = B99A8BFB28C24C11008C7FF1 /* SampleSecondView.swift */; };
/* End PBXBuildFile section */

/* Begin PBXFileReference section */
		B912FCE828AA7395006401EE /* MapsMaps.app */ = {isa = PBXFileReference; explicitFileType = wrapper.application; includeInIndex = 0; path = MapsMaps.app; sourceTree = BUILT_PRODUCTS_DIR; };
		B912FCEB28AA7395006401EE /* MapsMapsApp.swift */ = {isa = PBXFileReference; lastKnownFileType = sourcecode.swift; path = MapsMapsApp.swift; sourceTree = "<group>"; };
		B912FCED28AA7395006401EE /* ContentView.swift */ = {isa = PBXFileReference; lastKnownFileType = sourcecode.swift; path = ContentView.swift; sourceTree = "<group>"; };
		B912FCEF28AA7396006401EE /* Assets.xcassets */ = {isa = PBXFileReference; lastKnownFileType = folder.assetcatalog; path = Assets.xcassets; sourceTree = "<group>"; };
		B912FCF228AA7396006401EE /* Preview Assets.xcassets */ = {isa = PBXFileReference; lastKnownFileType = folder.assetcatalog; path = "Preview Assets.xcassets"; sourceTree = "<group>"; };
		B912FD0928AA7676006401EE /* MKCoordinateRegion+Extensions.swift */ = {isa = PBXFileReference; fileEncoding = 4; lastKnownFileType = sourcecode.swift; path = "MKCoordinateRegion+Extensions.swift"; sourceTree = "<group>"; };
		B912FD0B28AA767F006401EE /* LocationManager.swift */ = {isa = PBXFileReference; fileEncoding = 4; lastKnownFileType = sourcecode.swift; path = LocationManager.swift; sourceTree = "<group>"; };
		B912FD0D28AA7688006401EE /* Landmark.swift */ = {isa = PBXFileReference; fileEncoding = 4; lastKnownFileType = sourcecode.swift; path = Landmark.swift; sourceTree = "<group>"; };
		B912FD0F28AA7693006401EE /* LocalSearchService.swift */ = {isa = PBXFileReference; fileEncoding = 4; lastKnownFileType = sourcecode.swift; path = LocalSearchService.swift; sourceTree = "<group>"; };
		B912FD1128AA769B006401EE /* LandmarkListView.swift */ = {isa = PBXFileReference; fileEncoding = 4; lastKnownFileType = sourcecode.swift; path = LandmarkListView.swift; sourceTree = "<group>"; };
		B912FD1328AA7D6B006401EE /* Info.plist */ = {isa = PBXFileReference; lastKnownFileType = text.plist; path = Info.plist; sourceTree = "<group>"; };
		B99A8BF728C23A75008C7FF1 /* MapView.swift */ = {isa = PBXFileReference; lastKnownFileType = sourcecode.swift; path = MapView.swift; sourceTree = "<group>"; };
		B99A8BF928C23CB9008C7FF1 /* spots.json */ = {isa = PBXFileReference; fileEncoding = 4; lastKnownFileType = text.json; path = spots.json; sourceTree = "<group>"; };
		B99A8BFB28C24C11008C7FF1 /* SampleSecondView.swift */ = {isa = PBXFileReference; lastKnownFileType = sourcecode.swift; path = SampleSecondView.swift; sourceTree = "<group>"; };
/* End PBXFileReference section */

/* Begin PBXFrameworksBuildPhase section */
		B912FCE528AA7395006401EE /* Frameworks */ = {
			isa = PBXFrameworksBuildPhase;
			buildActionMask = 2147483647;
			files = (
			);
			runOnlyForDeploymentPostprocessing = 0;
		};
/* End PBXFrameworksBuildPhase section */

/* Begin PBXGroup section */
		B912FCDF28AA7395006401EE = {
			isa = PBXGroup;
			children = (
				B912FCEA28AA7395006401EE /* MapsMaps */,
				B912FCE928AA7395006401EE /* Products */,
			);
			sourceTree = "<group>";
		};
		B912FCE928AA7395006401EE /* Products */ = {
			isa = PBXGroup;
			children = (
				B912FCE828AA7395006401EE /* MapsMaps.app */,
			);
			name = Products;
			sourceTree = "<group>";
		};
		B912FCEA28AA7395006401EE /* MapsMaps */ = {
			isa = PBXGroup;
			children = (
				B912FD1328AA7D6B006401EE /* Info.plist */,
				B912FD0828AA7663006401EE /* Extensions */,
				B912FD0728AA765E006401EE /* Managers */,
				B912FD0628AA7658006401EE /* Models */,
				B912FD0528AA7651006401EE /* Services */,
				B912FD0428AA7649006401EE /* Views */,
				B912FCEB28AA7395006401EE /* MapsMapsApp.swift */,
				B912FCED28AA7395006401EE /* ContentView.swift */,
				B912FCEF28AA7396006401EE /* Assets.xcassets */,
				B99A8BF928C23CB9008C7FF1 /* spots.json */,
				B912FCF128AA7396006401EE /* Preview Content */,
			);
			path = MapsMaps;
			sourceTree = "<group>";
		};
		B912FCF128AA7396006401EE /* Preview Content */ = {
			isa = PBXGroup;
			children = (
				B912FCF228AA7396006401EE /* Preview Assets.xcassets */,
			);
			path = "Preview Content";
			sourceTree = "<group>";
		};
		B912FD0428AA7649006401EE /* Views */ = {
			isa = PBXGroup;
			children = (
				B912FD1128AA769B006401EE /* LandmarkListView.swift */,
				B99A8BF728C23A75008C7FF1 /* MapView.swift */,
				B99A8BFB28C24C11008C7FF1 /* SampleSecondView.swift */,
			);
			path = Views;
			sourceTree = "<group>";
		};
		B912FD0528AA7651006401EE /* Services */ = {
			isa = PBXGroup;
			children = (
				B912FD0F28AA7693006401EE /* LocalSearchService.swift */,
			);
			path = Services;
			sourceTree = "<group>";
		};
		B912FD0628AA7658006401EE /* Models */ = {
			isa = PBXGroup;
			children = (
				B912FD0D28AA7688006401EE /* Landmark.swift */,
			);
			path = Models;
			sourceTree = "<group>";
		};
		B912FD0728AA765E006401EE /* Managers */ = {
			isa = PBXGroup;
			children = (
				B912FD0B28AA767F006401EE /* LocationManager.swift */,
			);
			path = Managers;
			sourceTree = "<group>";
		};
		B912FD0828AA7663006401EE /* Extensions */ = {
			isa = PBXGroup;
			children = (
				B912FD0928AA7676006401EE /* MKCoordinateRegion+Extensions.swift */,
			);
			path = Extensions;
			sourceTree = "<group>";
		};
/* End PBXGroup section */

/* Begin PBXNativeTarget section */
		B912FCE728AA7395006401EE /* MapsMaps */ = {
			isa = PBXNativeTarget;
			buildConfigurationList = B912FCF628AA7396006401EE /* Build configuration list for PBXNativeTarget "MapsMaps" */;
			buildPhases = (
				B912FCE428AA7395006401EE /* Sources */,
				B912FCE528AA7395006401EE /* Frameworks */,
				B912FCE628AA7395006401EE /* Resources */,
			);
			buildRules = (
			);
			dependencies = (
			);
			name = MapsMaps;
			productName = MapsMaps;
			productReference = B912FCE828AA7395006401EE /* MapsMaps.app */;
			productType = "com.apple.product-type.application";
		};
/* End PBXNativeTarget section */

/* Begin PBXProject section */
		B912FCE028AA7395006401EE /* Project object */ = {
			isa = PBXProject;
			attributes = {
				BuildIndependentTargetsInParallel = 1;
				LastSwiftUpdateCheck = 1330;
				LastUpgradeCheck = 1330;
				TargetAttributes = {
					B912FCE728AA7395006401EE = {
						CreatedOnToolsVersion = 13.3.1;
					};
				};
			};
			buildConfigurationList = B912FCE328AA7395006401EE /* Build configuration list for PBXProject "MapsMaps" */;
			compatibilityVersion = "Xcode 13.0";
			developmentRegion = en;
			hasScannedForEncodings = 0;
			knownRegions = (
				en,
				Base,
			);
			mainGroup = B912FCDF28AA7395006401EE;
			productRefGroup = B912FCE928AA7395006401EE /* Products */;
			projectDirPath = "";
			projectRoot = "";
			targets = (
				B912FCE728AA7395006401EE /* MapsMaps */,
			);
		};
/* End PBXProject section */

/* Begin PBXResourcesBuildPhase section */
		B912FCE628AA7395006401EE /* Resources */ = {
			isa = PBXResourcesBuildPhase;
			buildActionMask = 2147483647;
			files = (
				B912FCF328AA7396006401EE /* Preview Assets.xcassets in Resources */,
				B912FCF028AA7396006401EE /* Assets.xcassets in Resources */,
				B99A8BFA28C23CB9008C7FF1 /* spots.json in Resources */,
			);
			runOnlyForDeploymentPostprocessing = 0;
		};
/* End PBXResourcesBuildPhase section */

/* Begin PBXSourcesBuildPhase section */
		B912FCE428AA7395006401EE /* Sources */ = {
			isa = PBXSourcesBuildPhase;
			buildActionMask = 2147483647;
			files = (
				B912FD0C28AA767F006401EE /* LocationManager.swift in Sources */,
				B99A8BF828C23A75008C7FF1 /* MapView.swift in Sources */,
				B912FD1028AA7693006401EE /* LocalSearchService.swift in Sources */,
				B912FCEE28AA7395006401EE /* ContentView.swift in Sources */,
				B99A8BFC28C24C11008C7FF1 /* SampleSecondView.swift in Sources */,
				B912FD0A28AA7676006401EE /* MKCoordinateRegion+Extensions.swift in Sources */,
				B912FCEC28AA7395006401EE /* MapsMapsApp.swift in Sources */,
				B912FD1228AA769B006401EE /* LandmarkListView.swift in Sources */,
				B912FD0E28AA7688006401EE /* Landmark.swift in Sources */,
			);
			runOnlyForDeploymentPostprocessing = 0;
		};
/* End PBXSourcesBuildPhase section */

/* Begin XCBuildConfiguration section */
		B912FCF428AA7396006401EE /* Debug */ = {
			isa = XCBuildConfiguration;
			buildSettings = {
				ALWAYS_SEARCH_USER_PATHS = NO;
				CLANG_ANALYZER_NONNULL = YES;
				CLANG_ANALYZER_NUMBER_OBJECT_CONVERSION = YES_AGGRESSIVE;
				CLANG_CXX_LANGUAGE_STANDARD = "gnu++17";
				CLANG_ENABLE_MODULES = YES;
				CLANG_ENABLE_OBJC_ARC = YES;
				CLANG_ENABLE_OBJC_WEAK = YES;
				CLANG_WARN_BLOCK_CAPTURE_AUTORELEASING = YES;
				CLANG_WARN_BOOL_CONVERSION = YES;
				CLANG_WARN_COMMA = YES;
				CLANG_WARN_CONSTANT_CONVERSION = YES;
				CLANG_WARN_DEPRECATED_OBJC_IMPLEMENTATIONS = YES;
				CLANG_WARN_DIRECT_OBJC_ISA_USAGE = YES_ERROR;
				CLANG_WARN_DOCUMENTATION_COMMENTS = YES;
				CLANG_WARN_EMPTY_BODY = YES;
				CLANG_WARN_ENUM_CONVERSION = YES;
				CLANG_WARN_INFINITE_RECURSION = YES;
				CLANG_WARN_INT_CONVERSION = YES;
				CLANG_WARN_NON_LITERAL_NULL_CONVERSION = YES;
				CLANG_WARN_OBJC_IMPLICIT_RETAIN_SELF = YES;
				CLANG_WARN_OBJC_LITERAL_CONVERSION = YES;
				CLANG_WARN_OBJC_ROOT_CLASS = YES_ERROR;
				CLANG_WARN_QUOTED_INCLUDE_IN_FRAMEWORK_HEADER = YES;
				CLANG_WARN_RANGE_LOOP_ANALYSIS = YES;
				CLANG_WARN_STRICT_PROTOTYPES = YES;
				CLANG_WARN_SUSPICIOUS_MOVE = YES;
				CLANG_WARN_UNGUARDED_AVAILABILITY = YES_AGGRESSIVE;
				CLANG_WARN_UNREACHABLE_CODE = YES;
				CLANG_WARN__DUPLICATE_METHOD_MATCH = YES;
				COPY_PHASE_STRIP = NO;
				DEBUG_INFORMATION_FORMAT = dwarf;
				ENABLE_STRICT_OBJC_MSGSEND = YES;
				ENABLE_TESTABILITY = YES;
				GCC_C_LANGUAGE_STANDARD = gnu11;
				GCC_DYNAMIC_NO_PIC = NO;
				GCC_NO_COMMON_BLOCKS = YES;
				GCC_OPTIMIZATION_LEVEL = 0;
				GCC_PREPROCESSOR_DEFINITIONS = (
					"DEBUG=1",
					"$(inherited)",
				);
				GCC_WARN_64_TO_32_BIT_CONVERSION = YES;
				GCC_WARN_ABOUT_RETURN_TYPE = YES_ERROR;
				GCC_WARN_UNDECLARED_SELECTOR = YES;
				GCC_WARN_UNINITIALIZED_AUTOS = YES_AGGRESSIVE;
				GCC_WARN_UNUSED_FUNCTION = YES;
				GCC_WARN_UNUSED_VARIABLE = YES;
				IPHONEOS_DEPLOYMENT_TARGET = 15.4;
				MTL_ENABLE_DEBUG_INFO = INCLUDE_SOURCE;
				MTL_FAST_MATH = YES;
				ONLY_ACTIVE_ARCH = YES;
				SDKROOT = iphoneos;
				SWIFT_ACTIVE_COMPILATION_CONDITIONS = DEBUG;
				SWIFT_OPTIMIZATION_LEVEL = "-Onone";
			};
			name = Debug;
		};
		B912FCF528AA7396006401EE /* Release */ = {
			isa = XCBuildConfiguration;
			buildSettings = {
				ALWAYS_SEARCH_USER_PATHS = NO;
				CLANG_ANALYZER_NONNULL = YES;
				CLANG_ANALYZER_NUMBER_OBJECT_CONVERSION = YES_AGGRESSIVE;
				CLANG_CXX_LANGUAGE_STANDARD = "gnu++17";
				CLANG_ENABLE_MODULES = YES;
				CLANG_ENABLE_OBJC_ARC = YES;
				CLANG_ENABLE_OBJC_WEAK = YES;
				CLANG_WARN_BLOCK_CAPTURE_AUTORELEASING = YES;
				CLANG_WARN_BOOL_CONVERSION = YES;
				CLANG_WARN_COMMA = YES;
				CLANG_WARN_CONSTANT_CONVERSION = YES;
				CLANG_WARN_DEPRECATED_OBJC_IMPLEMENTATIONS = YES;
				CLANG_WARN_DIRECT_OBJC_ISA_USAGE = YES_ERROR;
				CLANG_WARN_DOCUMENTATION_COMMENTS = YES;
				CLANG_WARN_EMPTY_BODY = YES;
				CLANG_WARN_ENUM_CONVERSION = YES;
				CLANG_WARN_INFINITE_RECURSION = YES;
				CLANG_WARN_INT_CONVERSION = YES;
				CLANG_WARN_NON_LITERAL_NULL_CONVERSION = YES;
				CLANG_WARN_OBJC_IMPLICIT_RETAIN_SELF = YES;
				CLANG_WARN_OBJC_LITERAL_CONVERSION = YES;
				CLANG_WARN_OBJC_ROOT_CLASS = YES_ERROR;
				CLANG_WARN_QUOTED_INCLUDE_IN_FRAMEWORK_HEADER = YES;
				CLANG_WARN_RANGE_LOOP_ANALYSIS = YES;
				CLANG_WARN_STRICT_PROTOTYPES = YES;
				CLANG_WARN_SUSPICIOUS_MOVE = YES;
				CLANG_WARN_UNGUARDED_AVAILABILITY = YES_AGGRESSIVE;
				CLANG_WARN_UNREACHABLE_CODE = YES;
				CLANG_WARN__DUPLICATE_METHOD_MATCH = YES;
				COPY_PHASE_STRIP = NO;
				DEBUG_INFORMATION_FORMAT = "dwarf-with-dsym";
				ENABLE_NS_ASSERTIONS = NO;
				ENABLE_STRICT_OBJC_MSGSEND = YES;
				GCC_C_LANGUAGE_STANDARD = gnu11;
				GCC_NO_COMMON_BLOCKS = YES;
				GCC_WARN_64_TO_32_BIT_CONVERSION = YES;
				GCC_WARN_ABOUT_RETURN_TYPE = YES_ERROR;
				GCC_WARN_UNDECLARED_SELECTOR = YES;
				GCC_WARN_UNINITIALIZED_AUTOS = YES_AGGRESSIVE;
				GCC_WARN_UNUSED_FUNCTION = YES;
				GCC_WARN_UNUSED_VARIABLE = YES;
				IPHONEOS_DEPLOYMENT_TARGET = 15.4;
				MTL_ENABLE_DEBUG_INFO = NO;
				MTL_FAST_MATH = YES;
				SDKROOT = iphoneos;
				SWIFT_COMPILATION_MODE = wholemodule;
				SWIFT_OPTIMIZATION_LEVEL = "-O";
				VALIDATE_PRODUCT = YES;
			};
			name = Release;
		};
		B912FCF728AA7396006401EE /* Debug */ = {
			isa = XCBuildConfiguration;
			buildSettings = {
				ASSETCATALOG_COMPILER_APPICON_NAME = AppIcon;
				ASSETCATALOG_COMPILER_GLOBAL_ACCENT_COLOR_NAME = AccentColor;
				CODE_SIGN_STYLE = Automatic;
				CURRENT_PROJECT_VERSION = 1;
				DEVELOPMENT_ASSET_PATHS = "\"MapsMaps/Preview Content\"";
				ENABLE_PREVIEWS = YES;
				GENERATE_INFOPLIST_FILE = YES;
				INFOPLIST_FILE = MapsMaps/Info.plist;
				INFOPLIST_KEY_UIApplicationSceneManifest_Generation = YES;
				INFOPLIST_KEY_UIApplicationSupportsIndirectInputEvents = YES;
				INFOPLIST_KEY_UILaunchScreen_Generation = YES;
				INFOPLIST_KEY_UISupportedInterfaceOrientations_iPad = "UIInterfaceOrientationPortrait UIInterfaceOrientationPortraitUpsideDown UIInterfaceOrientationLandscapeLeft UIInterfaceOrientationLandscapeRight";
				INFOPLIST_KEY_UISupportedInterfaceOrientations_iPhone = "UIInterfaceOrientationPortrait UIInterfaceOrientationLandscapeLeft UIInterfaceOrientationLandscapeRight";
				LD_RUNPATH_SEARCH_PATHS = (
					"$(inherited)",
					"@executable_path/Frameworks",
				);
				MARKETING_VERSION = 1.0;
				PRODUCT_BUNDLE_IDENTIFIER = com.safamii.MapsMaps.MapsMaps;
				PRODUCT_NAME = "$(TARGET_NAME)";
				SWIFT_EMIT_LOC_STRINGS = YES;
				SWIFT_VERSION = 5.0;
				TARGETED_DEVICE_FAMILY = "1,2";
			};
			name = Debug;
		};
		B912FCF828AA7396006401EE /* Release */ = {
			isa = XCBuildConfiguration;
			buildSettings = {
				ASSETCATALOG_COMPILER_APPICON_NAME = AppIcon;
				ASSETCATALOG_COMPILER_GLOBAL_ACCENT_COLOR_NAME = AccentColor;
				CODE_SIGN_STYLE = Automatic;
				CURRENT_PROJECT_VERSION = 1;
				DEVELOPMENT_ASSET_PATHS = "\"MapsMaps/Preview Content\"";
				ENABLE_PREVIEWS = YES;
				GENERATE_INFOPLIST_FILE = YES;
				INFOPLIST_FILE = MapsMaps/Info.plist;
				INFOPLIST_KEY_UIApplicationSceneManifest_Generation = YES;
				INFOPLIST_KEY_UIApplicationSupportsIndirectInputEvents = YES;
				INFOPLIST_KEY_UILaunchScreen_Generation = YES;
				INFOPLIST_KEY_UISupportedInterfaceOrientations_iPad = "UIInterfaceOrientationPortrait UIInterfaceOrientationPortraitUpsideDown UIInterfaceOrientationLandscapeLeft UIInterfaceOrientationLandscapeRight";
				INFOPLIST_KEY_UISupportedInterfaceOrientations_iPhone = "UIInterfaceOrientationPortrait UIInterfaceOrientationLandscapeLeft UIInterfaceOrientationLandscapeRight";
				LD_RUNPATH_SEARCH_PATHS = (
					"$(inherited)",
					"@executable_path/Frameworks",
				);
				MARKETING_VERSION = 1.0;
				PRODUCT_BUNDLE_IDENTIFIER = com.safamii.MapsMaps.MapsMaps;
				PRODUCT_NAME = "$(TARGET_NAME)";
				SWIFT_EMIT_LOC_STRINGS = YES;
				SWIFT_VERSION = 5.0;
				TARGETED_DEVICE_FAMILY = "1,2";
			};
			name = Release;
		};
/* End XCBuildConfiguration section */

/* Begin XCConfigurationList section */
		B912FCE328AA7395006401EE /* Build configuration list for PBXProject "MapsMaps" */ = {
			isa = XCConfigurationList;
			buildConfigurations = (
				B912FCF428AA7396006401EE /* Debug */,
				B912FCF528AA7396006401EE /* Release */,
			);
			defaultConfigurationIsVisible = 0;
			defaultConfigurationName = Release;
		};
		B912FCF628AA7396006401EE /* Build configuration list for PBXNativeTarget "MapsMaps" */ = {
			isa = XCConfigurationList;
			buildConfigurations = (
				B912FCF728AA7396006401EE /* Debug */,
				B912FCF828AA7396006401EE /* Release */,
			);
			defaultConfigurationIsVisible = 0;
			defaultConfigurationName = Release;
		};
/* End XCConfigurationList section */
	};
	rootObject = B912FCE028AA7395006401EE /* Project object */;
}
